
Microsoft Visual Studio Solution File, Format Version 12.00
# Visual Studio Version 16
VisualStudioVersion = 16.0.30523.141
MinimumVisualStudioVersion = 10.0.40219.1
Project("{FAE04EC0-301F-11D3-BF4B-00C04F79EFBC}") = "SimpleClassConsole", "SimpleClassConsole\SimpleClassConsole.csproj", "{255071A2-409D-462F-8D3B-F77336781EA9}"
EndProject
Global
	GlobalSection(SolutionConfigurationPlatforms) = preSolution
		Debug|Any CPU = Debug|Any CPU
		Release|Any CPU = Release|Any CPU
	EndGlobalSection
	GlobalSection(ProjectConfigurationPlatforms) = postSolution
		{255071A2-409D-462F-8D3B-F77336781EA9}.Debug|Any CPU.ActiveCfg = Debug|Any CPU
		{255071A2-409D-462F-8D3B-F77336781EA9}.Debug|Any CPU.Build.0 = Debug|Any CPU
		{255071A2-409D-462F-8D3B-F77336781EA9}.Release|Any CPU.ActiveCfg = Release|Any CPU
		{255071A2-409D-462F-8D3B-F77336781EA9}.Release|Any CPU.Build.0 = Release|Any CPU
	EndGlobalSection
	GlobalSection(SolutionProperties) = preSolution
		HideSolutionNode = FALSE
	EndGlobalSection
	GlobalSection(ExtensibilityGlobals) = postSolution
		SolutionGuid = {2C2ADC3E-3915-4A37-8625-0F16B0791090}
	EndGlobalSection
EndGlobal
